# THIS IS AN AUTOGENERATED FILE. DO NOT EDIT THIS FILE DIRECTLY.
# yarn lockfile v1


"@babel/runtime@^7.1.2", "@babel/runtime@^7.2.0", "@babel/runtime@^7.3.1", "@babel/runtime@^7.4.5":
  version "7.4.5"
  resolved "https://registry.yarnpkg.com/@babel/runtime/-/runtime-7.4.5.tgz#582bb531f5f9dc67d2fcb682979894f75e253f12"
  integrity sha512-TuI4qpWZP6lGOGIuGWtp9sPluqYICmbk8T/1vpSysqJxRPkudh/ofFWyqdcMsDf2s7KvDL4/YHgKyvcS3g9CJQ==
  dependencies:
    regenerator-runtime "^0.13.2"

"@emotion/hash@^0.7.1":
  version "0.7.1"
  resolved "https://registry.yarnpkg.com/@emotion/hash/-/hash-0.7.1.tgz#9833722341379fb7d67f06a4b00ab3c37913da53"
  integrity sha512-OYpa/Sg+2GDX+jibUfpZVn1YqSVRpYmTLF2eyAfrFTIJSbwyIrc+YscayoykvaOME/wV4BV0Sa0yqdMrgse6mA==

"@material-ui/core@^4.0.0-rc.0":
  version "4.1.1"
  resolved "https://registry.yarnpkg.com/@material-ui/core/-/core-4.1.1.tgz#11e703f3d44d84750c9b829f13bb08ad8949e12a"
  integrity sha512-dZVuVFqKnG3uf+s32U5wMTAXYBGBM6e2LF4fz4ud9woaYcthRiEFJTg2idt0j1jBMg99gqLuznR5+A9TCQbgxQ==
  dependencies:
    "@babel/runtime" "^7.2.0"
    "@material-ui/styles" "^4.1.1"
    "@material-ui/system" "^4.2.0"
    "@material-ui/types" "^4.1.0"
    "@material-ui/utils" "^4.1.0"
    "@types/react-transition-group" "^2.0.16"
    clsx "^1.0.2"
    convert-css-length "^2.0.0"
    debounce "^1.1.0"
    deepmerge "^3.0.0"
    hoist-non-react-statics "^3.2.1"
    is-plain-object "^3.0.0"
    normalize-scroll-left "^0.2.0"
    popper.js "^1.14.1"
    prop-types "^15.7.2"
    react-event-listener "^0.6.6"
    react-transition-group "^4.0.0"
    warning "^4.0.1"

"@material-ui/icons@^4.2.0":
  version "4.2.0"
  resolved "https://registry.yarnpkg.com/@material-ui/icons/-/icons-4.2.0.tgz#cd0b6521288c5e6c0b084d6defec37a4491e0c51"
  integrity sha512-v+rz61KzH+qR8x17BrfOF73f75x+wUNiBhv9tsKnEed+ElROMK2dqfMAlsdgEP+wgGl4VOcxzUQqWHcaApZ+CA==
  dependencies:
    "@babel/runtime" "^7.2.0"

"@material-ui/styles@^4.1.1":
  version "4.1.1"
  resolved "https://registry.yarnpkg.com/@material-ui/styles/-/styles-4.1.1.tgz#16e9d4770bd18b85c25fd3cb925043af5fa37f36"
  integrity sha512-BmtfLRY0CqAkYPdcFmNcD1/zyU6ATRx9vaBxJ31//YVxfRsyPOuQXW6fvAoDvQt/hbZpTR4E0K/+4D3wHHTdHQ==
  dependencies:
    "@babel/runtime" "^7.2.0"
    "@emotion/hash" "^0.7.1"
    "@material-ui/types" "^4.1.0"
    "@material-ui/utils" "^4.1.0"
    clsx "^1.0.2"
    csstype "^2.5.2"
    deepmerge "^3.0.0"
    hoist-non-react-statics "^3.2.1"
    jss "10.0.0-alpha.17"
    jss-plugin-camel-case "10.0.0-alpha.17"
    jss-plugin-default-unit "10.0.0-alpha.17"
    jss-plugin-global "10.0.0-alpha.17"
    jss-plugin-nested "10.0.0-alpha.17"
    jss-plugin-props-sort "10.0.0-alpha.17"
    jss-plugin-rule-value-function "10.0.0-alpha.17"
    jss-plugin-vendor-prefixer "10.0.0-alpha.17"
    prop-types "^15.7.2"
    warning "^4.0.1"

"@material-ui/system@^4.2.0":
  version "4.2.0"
  resolved "https://registry.yarnpkg.com/@material-ui/system/-/system-4.2.0.tgz#1c0759f1168bf871a7970239dc781b7bf9dfd010"
  integrity sha512-t51525FWVDjca/3UPwN99vqyvbfGNtBVesGYH2UpxVgKOdiP1ZINeHhBrZ8h4uOu5ZwgO4aceuk1TuM9uMttYw==
  dependencies:
    "@babel/runtime" "^7.2.0"
    deepmerge "^3.0.0"
    prop-types "^15.7.2"
    warning "^4.0.1"

"@material-ui/types@^4.1.0":
  version "4.1.0"
  resolved "https://registry.yarnpkg.com/@material-ui/types/-/types-4.1.0.tgz#58e60d86f5a554e60c06a4a91f2030ac2c56a5fd"
  integrity sha512-F4z7GOAeEucPjrrhJ2PHBhMZjhggE6Jjnzmap5W2PdZ3TSWNlqucB+oOzT6EzWRkHDDhVmANMU8QMfT/kcZtOg==

"@material-ui/utils@^4.1.0":
  version "4.1.0"
  resolved "https://registry.yarnpkg.com/@material-ui/utils/-/utils-4.1.0.tgz#45fd6698db49f3528fe45c922c496235021d76ec"
  integrity sha512-muwmVU799tzPjzb+Q5E/CTDle0rXwkCAdvMVyU0BfbJhenkUsFmuYiCmbvMVOU1m6F1S5HWfXz8EP4pXwwAvrw==
  dependencies:
    "@babel/runtime" "^7.2.0"
    prop-types "^15.7.2"
    react-is "^16.8.0"

"@types/prop-types@*":
  version "15.7.1"
  resolved "https://registry.yarnpkg.com/@types/prop-types/-/prop-types-15.7.1.tgz#f1a11e7babb0c3cad68100be381d1e064c68f1f6"
  integrity sha512-CFzn9idOEpHrgdw8JsoTkaDDyRWk1jrzIV8djzcgpq0y9tG4B4lFT+Nxh52DVpDXV+n4+NPNv7M1Dj5uMp6XFg==

"@types/react-transition-group@^2.0.16":
  version "2.9.2"
  resolved "https://registry.yarnpkg.com/@types/react-transition-group/-/react-transition-group-2.9.2.tgz#c48cf2a11977c8b4ff539a1c91d259eaa627028d"
  integrity sha512-5Fv2DQNO+GpdPZcxp2x/OQG/H19A01WlmpjVD9cKvVFmoVLOZ9LvBgSWG6pSXIU4og5fgbvGPaCV5+VGkWAEHA==
  dependencies:
    "@types/react" "*"

"@types/react@*":
  version "16.8.21"
  resolved "https://registry.yarnpkg.com/@types/react/-/react-16.8.21.tgz#aefb32519a4111964993be5b2bd3f172f81c34ff"
  integrity sha512-+jAtgtJ3htE+VEP/bMzBBOANGkaTbMOGYWVrmhCVtp2WE//lNG6Irw9kBEaLR7lQGjjkt/BlSSHPgArFNOKhkg==
  dependencies:
    "@types/prop-types" "*"
    csstype "^2.2.0"

asap@~2.0.3:
  version "2.0.6"
  resolved "https://registry.yarnpkg.com/asap/-/asap-2.0.6.tgz#e50347611d7e690943208bbdafebcbc2fb866d46"
  integrity sha1-5QNHYR1+aQlDIIu9r+vLwvuGbUY=

clsx@^1.0.2:
  version "1.0.4"
  resolved "https://registry.yarnpkg.com/clsx/-/clsx-1.0.4.tgz#0c0171f6d5cb2fe83848463c15fcc26b4df8c2ec"
  integrity sha512-1mQ557MIZTrL/140j+JVdRM6e31/OA4vTYxXgqIIZlndyfjHpyawKZia1Im05Vp9BWmImkcNrNtFYQMyFcgJDg==

console-polyfill@^0.1.2:
  version "0.1.2"
  resolved "https://registry.yarnpkg.com/console-polyfill/-/console-polyfill-0.1.2.tgz#96cfed51caf78189f699572e6f18271dc37c0e30"
  integrity sha1-ls/tUcr3gYn2mVcubxgnHcN8DjA=

convert-css-length@^2.0.0:
  version "2.0.0"
  resolved "https://registry.yarnpkg.com/convert-css-length/-/convert-css-length-2.0.0.tgz#0c60ff686e70625ef7f3fd305a2f61f33a96c289"
  integrity sha512-ygBgHNzImHJ/kjgqdzC0oaY2+EMID3s88/CZD2C9O1stM3PwsOwXzzlFTTkZy/bPZe0wjyt1UoYjilfunQGjlw==
  dependencies:
    console-polyfill "^0.1.2"
    parse-unit "^1.0.1"

core-js@^1.0.0:
  version "1.2.7"
  resolved "https://registry.yarnpkg.com/core-js/-/core-js-1.2.7.tgz#652294c14651db28fa93bd2d5ff2983a4f08c636"
  integrity sha1-ZSKUwUZR2yj6k70tX/KYOk8IxjY=

create-react-class@^15.6.3:
  version "15.6.3"
  resolved "https://registry.yarnpkg.com/create-react-class/-/create-react-class-15.6.3.tgz#2d73237fb3f970ae6ebe011a9e66f46dbca80036"
  integrity sha512-M+/3Q6E6DLO6Yx3OwrWjwHBnvfXXYA7W+dFjt/ZDBemHO1DDZhsalX/NUtnTYclN6GfnBDRh4qRHjcDHmlJBJg==
  dependencies:
    fbjs "^0.8.9"
    loose-envify "^1.3.1"
    object-assign "^4.1.1"

css-vendor@^2.0.1:
  version "2.0.4"
  resolved "https://registry.yarnpkg.com/css-vendor/-/css-vendor-2.0.4.tgz#c605f4c17f454e4ad1db206e04128da1da1d31dd"
  integrity sha512-ITGWQoPfgHTxZYMYm/OXTxqz+nkG1LHW6xDQYdEUC+/EGbxB4Kg4nR6HutU98DdWmC7G+tPXUvoEmwi30B9HAA==
  dependencies:
    "@babel/runtime" "^7.3.1"
    is-in-browser "^1.0.2"

csstype@^2.2.0, csstype@^2.5.2:
  version "2.6.5"
  resolved "https://registry.yarnpkg.com/csstype/-/csstype-2.6.5.tgz#1cd1dff742ebf4d7c991470ae71e12bb6751e034"
  integrity sha512-JsTaiksRsel5n7XwqPAfB0l3TFKdpjW/kgAELf9vrb5adGA7UCPLajKK5s3nFrcFm3Rkyp/Qkgl73ENc1UY3cA==

debounce@^1.1.0:
  version "1.2.0"
  resolved "https://registry.yarnpkg.com/debounce/-/debounce-1.2.0.tgz#44a540abc0ea9943018dc0eaa95cce87f65cd131"
  integrity sha512-mYtLl1xfZLi1m4RtQYlZgJUNQjl4ZxVnHzIR8nLLgi4q1YT8o/WM+MK/f8yfcc9s5Ir5zRaPZyZU6xs1Syoocg==

deepmerge@^3.0.0:
  version "3.2.1"
  resolved "https://registry.yarnpkg.com/deepmerge/-/deepmerge-3.2.1.tgz#76a1f47854bcfcd66ee9a948d110540a8e12b261"
  integrity sha512-+hbDSzTqEW0fWgnlKksg7XAOtT+ddZS5lHZJ6f6MdixRs9wQy+50fm1uUCVb1IkvjLUYX/SfFO021ZNwriURTw==

dom-helpers@^3.4.0:
  version "3.4.0"
  resolved "https://registry.yarnpkg.com/dom-helpers/-/dom-helpers-3.4.0.tgz#e9b369700f959f62ecde5a6babde4bccd9169af8"
  integrity sha512-LnuPJ+dwqKDIyotW1VzmOZ5TONUN7CwkCR5hrgawTUbkBGYdeoNLZo6nNfGkCrjtE1nXXaj7iMMpDa8/d9WoIA==
  dependencies:
    "@babel/runtime" "^7.1.2"

encoding@^0.1.11:
  version "0.1.12"
  resolved "https://registry.yarnpkg.com/encoding/-/encoding-0.1.12.tgz#538b66f3ee62cd1ab51ec323829d1f9480c74beb"
  integrity sha1-U4tm8+5izRq1HsMjgp0flIDHS+s=
  dependencies:
    iconv-lite "~0.4.13"

fbjs@^0.8.9:
  version "0.8.17"
  resolved "https://registry.yarnpkg.com/fbjs/-/fbjs-0.8.17.tgz#c4d598ead6949112653d6588b01a5cdcd9f90fdd"
  integrity sha1-xNWY6taUkRJlPWWIsBpc3Nn5D90=
  dependencies:
    core-js "^1.0.0"
    isomorphic-fetch "^2.1.1"
    loose-envify "^1.0.0"
    object-assign "^4.1.0"
    promise "^7.1.1"
    setimmediate "^1.0.5"
    ua-parser-js "^0.7.18"

hoist-non-react-statics@^3.2.1:
  version "3.3.0"
  resolved "https://registry.yarnpkg.com/hoist-non-react-statics/-/hoist-non-react-statics-3.3.0.tgz#b09178f0122184fb95acf525daaecb4d8f45958b"
  integrity sha512-0XsbTXxgiaCDYDIWFcwkmerZPSwywfUqYmwT4jzewKTQSWoE6FCMoUVOeBJWK3E/CrWbxRG3m5GzY4lnIwGRBA==
  dependencies:
    react-is "^16.7.0"

hyphenate-style-name@^1.0.3:
  version "1.0.3"
  resolved "https://registry.yarnpkg.com/hyphenate-style-name/-/hyphenate-style-name-1.0.3.tgz#097bb7fa0b8f1a9cf0bd5c734cf95899981a9b48"
  integrity sha512-EcuixamT82oplpoJ2XU4pDtKGWQ7b00CD9f1ug9IaQ3p1bkHMiKCZ9ut9QDI6qsa6cpUuB+A/I+zLtdNK4n2DQ==

iconv-lite@~0.4.13:
  version "0.4.24"
  resolved "https://registry.yarnpkg.com/iconv-lite/-/iconv-lite-0.4.24.tgz#2022b4b25fbddc21d2f524974a474aafe733908b"
  integrity sha512-v3MXnZAcvnywkTUEZomIActle7RXXeedOR31wwl7VlyoXO4Qi9arvSenNQWne1TcRwhCL1HwLI21bEqdpj8/rA==
  dependencies:
    safer-buffer ">= 2.1.2 < 3"

is-in-browser@^1.0.2, is-in-browser@^1.1.3:
  version "1.1.3"
  resolved "https://registry.yarnpkg.com/is-in-browser/-/is-in-browser-1.1.3.tgz#56ff4db683a078c6082eb95dad7dc62e1d04f835"
  integrity sha1-Vv9NtoOgeMYILrldrX3GLh0E+DU=

is-plain-object@^3.0.0:
  version "3.0.0"
  resolved "https://registry.yarnpkg.com/is-plain-object/-/is-plain-object-3.0.0.tgz#47bfc5da1b5d50d64110806c199359482e75a928"
  integrity sha512-tZIpofR+P05k8Aocp7UI/2UTa9lTJSebCXpFFoR9aibpokDj/uXBsJ8luUu0tTVYKkMU6URDUuOfJZ7koewXvg==
  dependencies:
    isobject "^4.0.0"

is-stream@^1.0.1:
  version "1.1.0"
  resolved "https://registry.yarnpkg.com/is-stream/-/is-stream-1.1.0.tgz#12d4a3dd4e68e0b79ceb8dbc84173ae80d91ca44"
  integrity sha1-EtSj3U5o4Lec6428hBc66A2RykQ=

isobject@^4.0.0:
  version "4.0.0"
  resolved "https://registry.yarnpkg.com/isobject/-/isobject-4.0.0.tgz#3f1c9155e73b192022a80819bacd0343711697b0"
  integrity sha512-S/2fF5wH8SJA/kmwr6HYhK/RI/OkhD84k8ntalo0iJjZikgq1XFvR5M8NPT1x5F7fBwCG3qHfnzeP/Vh/ZxCUA==

isomorphic-fetch@^2.1.1:
  version "2.2.1"
  resolved "https://registry.yarnpkg.com/isomorphic-fetch/-/isomorphic-fetch-2.2.1.tgz#611ae1acf14f5e81f729507472819fe9733558a9"
  integrity sha1-YRrhrPFPXoH3KVB0coGf6XM1WKk=
  dependencies:
    node-fetch "^1.0.1"
    whatwg-fetch ">=0.10.0"

"js-tokens@^3.0.0 || ^4.0.0":
  version "4.0.0"
  resolved "https://registry.yarnpkg.com/js-tokens/-/js-tokens-4.0.0.tgz#19203fb59991df98e3a287050d4647cdeaf32499"
  integrity sha512-RdJUflcE3cUzKiMqQgsCu06FPu9UdIJO0beYbPhHN4k6apgJtifcoCtT9bcxOpYBtpD2kCM6Sbzg4CausW/PKQ==

jss-plugin-camel-case@10.0.0-alpha.17:
  version "10.0.0-alpha.17"
  resolved "https://registry.yarnpkg.com/jss-plugin-camel-case/-/jss-plugin-camel-case-10.0.0-alpha.17.tgz#6f7c9d9742e349bb061e53cd9b1c3cb006169a67"
  integrity sha512-aPY4kr6MwliH7KToLRzeSk1NxXUo9n7MQsAa0Hghwj01x9UnMkDkGAKENMKUtPjGkQZfiJpB9tTLFrSJ/6VrIQ==
  dependencies:
    "@babel/runtime" "^7.3.1"
    hyphenate-style-name "^1.0.3"
    jss "10.0.0-alpha.17"

jss-plugin-default-unit@10.0.0-alpha.17:
  version "10.0.0-alpha.17"
  resolved "https://registry.yarnpkg.com/jss-plugin-default-unit/-/jss-plugin-default-unit-10.0.0-alpha.17.tgz#4e3bf6d8e9691a8e05d50b5abf300515eb0f67ee"
  integrity sha512-KQgiXczvzJ9AlFdD8NS7FZLub0NSctSrCA9Yi/GqdsfJg4ZCriU4DzIybCZBHCi/INFGJmLIESYWSxnuhAzgSQ==
  dependencies:
    "@babel/runtime" "^7.3.1"
    jss "10.0.0-alpha.17"

jss-plugin-global@10.0.0-alpha.17:
  version "10.0.0-alpha.17"
  resolved "https://registry.yarnpkg.com/jss-plugin-global/-/jss-plugin-global-10.0.0-alpha.17.tgz#13005f6b963aee3c1498fe2bad767967ad2eb838"
  integrity sha512-WYxiwwI+CLk0ozW8loeceqXBAZXBMsLBEZeRwVf9WX+FljdJkGwVZpRCk6LBX4aXnqAGyKqCxIAIJ3KP2yBdEg==
  dependencies:
    "@babel/runtime" "^7.3.1"
    jss "10.0.0-alpha.17"

jss-plugin-nested@10.0.0-alpha.17:
  version "10.0.0-alpha.17"
  resolved "https://registry.yarnpkg.com/jss-plugin-nested/-/jss-plugin-nested-10.0.0-alpha.17.tgz#cb1c20cdc81558c164eaa333bbb24c88bef12202"
  integrity sha512-onpFqv904KCujryf2t6IIV1/QoB7cSF7ojrd4UujcN5TPvYOvXF5bchi7jnHG5U0SLlRSDGMLJ9fhtoCknhEbw==
  dependencies:
    "@babel/runtime" "^7.3.1"
    jss "10.0.0-alpha.17"
    tiny-warning "^1.0.2"

jss-plugin-props-sort@10.0.0-alpha.17:
  version "10.0.0-alpha.17"
  resolved "https://registry.yarnpkg.com/jss-plugin-props-sort/-/jss-plugin-props-sort-10.0.0-alpha.17.tgz#a49be72b8dc8e2861f8136661c53d130abb07ccd"
  integrity sha512-KnbyrxCbtQTqpDx2mSZU/r/E5QnDPIVfIxRi8K+W/q4gZpomBvqWC+xgvAk9hbpmA6QBoQaOilV8o12w2IZ6fg==
  dependencies:
    "@babel/runtime" "^7.3.1"
    jss "10.0.0-alpha.17"

jss-plugin-rule-value-function@10.0.0-alpha.17:
  version "10.0.0-alpha.17"
  resolved "https://registry.yarnpkg.com/jss-plugin-rule-value-function/-/jss-plugin-rule-value-function-10.0.0-alpha.17.tgz#45617ccc2d695d77287554e7dbe3b9c37f5f5af4"
  integrity sha512-8AuJB44Q+ehfkWVRi2XlRbUf6SrLmrHTa5EXd6dgQRCCRuvGmqX8Dl4fZvNeKRFjTLPZgzg9+31rqeOMhKa2vA==
  dependencies:
    "@babel/runtime" "^7.3.1"
    jss "10.0.0-alpha.17"

jss-plugin-vendor-prefixer@10.0.0-alpha.17:
  version "10.0.0-alpha.17"
  resolved "https://registry.yarnpkg.com/jss-plugin-vendor-prefixer/-/jss-plugin-vendor-prefixer-10.0.0-alpha.17.tgz#7bb05076d1a14d20b567231c36e57ebf6cb6625f"
  integrity sha512-wDq9EL0QaoMGSGifPEBb+/SA9LBcqPEW0jpL9ht+Z2t+lV7NNz0j7uCEOuE6FvNWqHzUKTsiATs1rTHPkzNBEQ==
  dependencies:
    "@babel/runtime" "^7.3.1"
    css-vendor "^2.0.1"
    jss "10.0.0-alpha.17"

jss@10.0.0-alpha.17:
  version "10.0.0-alpha.17"
  resolved "https://registry.yarnpkg.com/jss/-/jss-10.0.0-alpha.17.tgz#3057c85a846c3bd207c04aafd91c8277955d9c57"
  integrity sha512-egGIUg+YRu0+U+XXlD0gmVtU/gW5sn7+qmDv7opwK5s8emZBE/VoN55X6CaMrAa0kLeGMldnI43KOWea6M9/mA==
  dependencies:
    "@babel/runtime" "^7.3.1"
    is-in-browser "^1.1.3"
    tiny-warning "^1.0.2"

loose-envify@^1.0.0, loose-envify@^1.1.0, loose-envify@^1.3.1, loose-envify@^1.4.0:
  version "1.4.0"
  resolved "https://registry.yarnpkg.com/loose-envify/-/loose-envify-1.4.0.tgz#71ee51fa7be4caec1a63839f7e682d8132d30caf"
  integrity sha512-lyuxPGr/Wfhrlem2CL/UcnUc1zcqKAImBDzukY7Y5F/yQiNdko6+fRLevlw1HgMySw7f611UIY408EtxRSoK3Q==
  dependencies:
    js-tokens "^3.0.0 || ^4.0.0"

mobile-detect@^1.4.3:
  version "1.4.3"
  resolved "https://registry.yarnpkg.com/mobile-detect/-/mobile-detect-1.4.3.tgz#e436a3839f5807dd4d3cd4e081f7d3a51ffda2dd"
  integrity sha512-UaahPNLllQsstHOEHAmVnTHCMQrAS9eL5Qgdi50QrYz6UgGk+Xziz2udz2GN6NYcyODcPLnasC7a7s6R2DjiaQ==

node-fetch@^1.0.1:
  version "1.7.3"
  resolved "https://registry.yarnpkg.com/node-fetch/-/node-fetch-1.7.3.tgz#980f6f72d85211a5347c6b2bc18c5b84c3eb47ef"
  integrity sha512-NhZ4CsKx7cYm2vSrBAr2PvFOe6sWDf0UYLRqA6svUYg7+/TSfVAu49jYC4BvQ4Sms9SZgdqGBgroqfDhJdTyKQ==
  dependencies:
    encoding "^0.1.11"
    is-stream "^1.0.1"

normalize-scroll-left@^0.2.0:
  version "0.2.0"
  resolved "https://registry.yarnpkg.com/normalize-scroll-left/-/normalize-scroll-left-0.2.0.tgz#9445d74275f303cc661e113329aefa492f58114c"
  integrity sha512-t5oCENZJl8TGusJKoCJm7+asaSsPuNmK6+iEjrZ5TyBj2f02brCRsd4c83hwtu+e5d4LCSBZ0uoDlMjBo+A8yA==

object-assign@^4.1.0, object-assign@^4.1.1:
  version "4.1.1"
  resolved "https://registry.yarnpkg.com/object-assign/-/object-assign-4.1.1.tgz#2109adc7965887cfc05cbbd442cac8bfbb360863"
  integrity sha1-IQmtx5ZYh8/AXLvUQsrIv7s2CGM=

parse-unit@^1.0.1:
  version "1.0.1"
  resolved "https://registry.yarnpkg.com/parse-unit/-/parse-unit-1.0.1.tgz#7e1bb6d5bef3874c28e392526a2541170291eecf"
  integrity sha1-fhu21b7zh0wo45JSaiVBFwKR7s8=

popper.js@^1.14.1:
  version "1.15.0"
  resolved "https://registry.yarnpkg.com/popper.js/-/popper.js-1.15.0.tgz#5560b99bbad7647e9faa475c6b8056621f5a4ff2"
  integrity sha512-w010cY1oCUmI+9KwwlWki+r5jxKfTFDVoadl7MSrIujHU5MJ5OR6HTDj6Xo8aoR/QsA56x8jKjA59qGH4ELtrA==

process@^0.11.10:
  version "0.11.10"
  resolved "https://registry.yarnpkg.com/process/-/process-0.11.10.tgz#7332300e840161bda3e69a1d1d91a7d4bc16f182"
  integrity sha1-czIwDoQBYb2j5podHZGn1LwW8YI=

promise@^7.1.1:
  version "7.3.1"
  resolved "https://registry.yarnpkg.com/promise/-/promise-7.3.1.tgz#064b72602b18f90f29192b8b1bc418ffd1ebd3bf"
  integrity sha512-nolQXZ/4L+bP/UGlkfaIujX9BKxGwmQ9OT4mOt5yvy8iK1h3wqTEJCijzGANTCCl9nWjY41juyAn2K3Q1hLLTg==
  dependencies:
    asap "~2.0.3"

prop-types@^15.6.0, prop-types@^15.6.2, prop-types@^15.7.2:
  version "15.7.2"
  resolved "https://registry.yarnpkg.com/prop-types/-/prop-types-15.7.2.tgz#52c41e75b8c87e72b9d9360e0206b99dcbffa6c5"
  integrity sha512-8QQikdH7//R2vurIJSutZ1smHYTcLpRWEOlHnzcWHmBYrOGUysKwSsrC89BCiFj3CbrfJ/nXFdJepOVrY1GCHQ==
  dependencies:
    loose-envify "^1.4.0"
    object-assign "^4.1.1"
    react-is "^16.8.1"

react-dom@^16.8.6:
  version "16.8.6"
  resolved "https://registry.yarnpkg.com/react-dom/-/react-dom-16.8.6.tgz#71d6303f631e8b0097f56165ef608f051ff6e10f"
  integrity sha512-1nL7PIq9LTL3fthPqwkvr2zY7phIPjYrT0jp4HjyEQrEROnw4dG41VVwi/wfoCneoleqrNX7iAD+pXebJZwrwA==
  dependencies:
    loose-envify "^1.1.0"
    object-assign "^4.1.1"
    prop-types "^15.6.2"
    scheduler "^0.13.6"

react-event-listener@^0.6.6:
  version "0.6.6"
  resolved "https://registry.yarnpkg.com/react-event-listener/-/react-event-listener-0.6.6.tgz#758f7b991cad9086dd39fd29fad72127e1d8962a"
  integrity sha512-+hCNqfy7o9wvO6UgjqFmBzARJS7qrNoda0VqzvOuioEpoEXKutiKuv92dSz6kP7rYLmyHPyYNLesi5t/aH1gfw==
  dependencies:
    "@babel/runtime" "^7.2.0"
    prop-types "^15.6.0"
    warning "^4.0.1"

react-is@^16.7.0, react-is@^16.8.0, react-is@^16.8.1:
  version "16.8.6"
  resolved "https://registry.yarnpkg.com/react-is/-/react-is-16.8.6.tgz#5bbc1e2d29141c9fbdfed456343fe2bc430a6a16"
  integrity sha512-aUk3bHfZ2bRSVFFbbeVS4i+lNPZr3/WM5jT2J5omUVV1zzcs1nAaf3l51ctA5FFvCRbhrH0bdAsRRQddFJZPtA==

react-transition-group@^4.0.0:
  version "4.1.1"
  resolved "https://registry.yarnpkg.com/react-transition-group/-/react-transition-group-4.1.1.tgz#16efe9ac8c68306f6bef59c7da5a96b4dfd9fb32"
  integrity sha512-K/N1wqJ2GRP2yj3WBqEUYa0KV5fiaAWpUfU9SpHOHefeKvyrO+VrnMBML21M19QZoVbDZKmuQFHZYoMMi1xuJA==
  dependencies:
    "@babel/runtime" "^7.4.5"
    dom-helpers "^3.4.0"
    loose-envify "^1.4.0"
    prop-types "^15.6.2"

react@^16.8.6:
  version "16.8.6"
  resolved "https://registry.yarnpkg.com/react/-/react-16.8.6.tgz#ad6c3a9614fd3a4e9ef51117f54d888da01f2bbe"
  integrity sha512-pC0uMkhLaHm11ZSJULfOBqV4tIZkx87ZLvbbQYunNixAAvjnC+snJCg0XQXn9VIsttVsbZP/H/ewzgsd5fxKXw==
  dependencies:
    loose-envify "^1.1.0"
    object-assign "^4.1.1"
    prop-types "^15.6.2"
    scheduler "^0.13.6"

regenerator-runtime@^0.13.2:
  version "0.13.2"
  resolved "https://registry.yarnpkg.com/regenerator-runtime/-/regenerator-runtime-0.13.2.tgz#32e59c9a6fb9b1a4aff09b4930ca2d4477343447"
  integrity sha512-S/TQAZJO+D3m9xeN1WTI8dLKBBiRgXBlTJvbWjCThHWZj9EvHK70Ff50/tYj2J/fvBY6JtFVwRuazHN2E7M9BA==

"safer-buffer@>= 2.1.2 < 3":
  version "2.1.2"
  resolved "https://registry.yarnpkg.com/safer-buffer/-/safer-buffer-2.1.2.tgz#44fa161b0187b9549dd84bb91802f9bd8385cd6a"
  integrity sha512-YZo3K82SD7Riyi0E1EQPojLz7kpepnSQI9IyPbHHg1XXXevb5dJI7tpyN2ADxGcQbHG7vcyRHk0cbwqcQriUtg==

scheduler@^0.13.6:
  version "0.13.6"
  resolved "https://registry.yarnpkg.com/scheduler/-/scheduler-0.13.6.tgz#466a4ec332467b31a91b9bf74e5347072e4cd889"
  integrity sha512-IWnObHt413ucAYKsD9J1QShUKkbKLQQHdxRyw73sw4FN26iWr3DY/H34xGPe4nmL1DwXyWmSWmMrA9TfQbE/XQ==
  dependencies:
    loose-envify "^1.1.0"
    object-assign "^4.1.1"

setimmediate@^1.0.5:
  version "1.0.5"
  resolved "https://registry.yarnpkg.com/setimmediate/-/setimmediate-1.0.5.tgz#290cbb232e306942d7d7ea9b83732ab7856f8285"
  integrity sha1-KQy7Iy4waULX1+qbg3Mqt4VvgoU=

tiny-warning@^1.0.2:
  version "1.0.2"
  resolved "https://registry.yarnpkg.com/tiny-warning/-/tiny-warning-1.0.2.tgz#1dfae771ee1a04396bdfde27a3adcebc6b648b28"
  integrity sha512-rru86D9CpQRLvsFG5XFdy0KdLAvjdQDyZCsRcuu60WtzFylDM3eAWSxEVz5kzL2Gp544XiUvPbVKtOA/txLi9Q==

ua-parser-js@^0.7.18:
  version "0.7.28"
  resolved "https://registry.yarnpkg.com/ua-parser-js/-/ua-parser-js-0.7.28.tgz#8ba04e653f35ce210239c64661685bf9121dec31"
  integrity sha512-6Gurc1n//gjp9eQNXjD9O3M/sMwVtN5S8Lv9bvOYBfKfDNiIIhqiyi01vMBO45u4zkDE420w/e0se7Vs+sIg+g==

warning@^4.0.1:
  version "4.0.3"
  resolved "https://registry.yarnpkg.com/warning/-/warning-4.0.3.tgz#16e9e077eb8a86d6af7d64aa1e05fd85b4678ca3"
  integrity sha512-rpJyN222KWIvHJ/F53XSZv0Zl/accqHR8et1kpaMTD/fLCRxtV8iX8czMzY7sVZupTI3zcUTg8eycS2kNF9l6w==
  dependencies:
    loose-envify "^1.0.0"

whatwg-fetch@>=0.10.0:
  version "3.0.0"
  resolved "https://registry.yarnpkg.com/whatwg-fetch/-/whatwg-fetch-3.0.0.tgz#fc804e458cc460009b1a2b966bc8817d2578aefb"
  integrity sha512-9GSJUgz1D4MfyKU7KRqwOjXCXTqWdFNvEr7eUBYchQiVc744mqK/MzXPNR2WsPkmkOa4ywfg8C2n8h+13Bey1Q==
